
Microsoft Visual Studio Solution File, Format Version 12.00
# Visual Studio Version 17
VisualStudioVersion = 17.9.34728.123
MinimumVisualStudioVersion = 10.0.40219.1
Project("{9A19103F-16F7-4668-BE54-9A1E7A4F7556}") = "Showcase.ServerSentEvents", "src\Showcase.ServerSentEvents.csproj", "{132C1644-13E5-4A47-A09B-FA9F0F3A87BC}"
EndProject
Project("{E53339B2-1760-4266-BCC7-CA923CBCF16C}") = "docker-compose", "docker-compose.dcproj", "{10444509-E47F-45C5-B4FD-50EDC7073EBA}"
EndProject
Global
	GlobalSection(SolutionConfigurationPlatforms) = preSolution
		Debug|Any CPU = Debug|Any CPU
		Release|Any CPU = Release|Any CPU
	EndGlobalSection
	GlobalSection(ProjectConfigurationPlatforms) = postSolution
		{132C1644-13E5-4A47-A09B-FA9F0F3A87BC}.Debug|Any CPU.ActiveCfg = Debug|Any CPU
		{132C1644-13E5-4A47-A09B-FA9F0F3A87BC}.Debug|Any CPU.Build.0 = Debug|Any CPU
		{132C1644-13E5-4A47-A09B-FA9F0F3A87BC}.Release|Any CPU.ActiveCfg = Release|Any CPU
		{132C1644-13E5-4A47-A09B-FA9F0F3A87BC}.Release|Any CPU.Build.0 = Release|Any CPU
		{10444509-E47F-45C5-B4FD-50EDC7073EBA}.Debug|Any CPU.ActiveCfg = Debug|Any CPU
		{10444509-E47F-45C5-B4FD-50EDC7073EBA}.Debug|Any CPU.Build.0 = Debug|Any CPU
		{10444509-E47F-45C5-B4FD-50EDC7073EBA}.Release|Any CPU.ActiveCfg = Release|Any CPU
		{10444509-E47F-45C5-B4FD-50EDC7073EBA}.Release|Any CPU.Build.0 = Release|Any CPU
	EndGlobalSection
	GlobalSection(SolutionProperties) = preSolution
		HideSolutionNode = FALSE
	EndGlobalSection
	GlobalSection(ExtensibilityGlobals) = postSolution
		SolutionGuid = {AA9F451A-3060-44F0-9B2C-8CCA3D7A5B51}
	EndGlobalSection
EndGlobal
